// !$*UTF8*$!
{
	archiveVersion = 1;
	classes = {
	};
	objectVersion = 50;
	objects = {

/* Begin PBXBuildFile section */
		3B2B0C42EAF83390C990AAA4 /* libPods-vscodeUITests.a in Frameworks */ = {isa = PBXBuildFile; fileRef = 15742B07496BA6065CB01FB9 /* libPods-vscodeUITests.a */; };
		7E591F13543E5BDA693AD4F1 /* libPods-vscode.a in Frameworks */ = {isa = PBXBuildFile; fileRef = E1E679570F5EBC1E7815F786 /* libPods-vscode.a */; };
		966205E440ABA06B85A8695D /* libPods-vscodeTests.a in Frameworks */ = {isa = PBXBuildFile; fileRef = C934C2019F885851022FCF6D /* libPods-vscodeTests.a */; };
		DA2EA38C2291C30900D45CB8 /* libWebViewJavascriptBridge.a in Frameworks */ = {isa = PBXBuildFile; fileRef = DA2EA38B2291C30900D45CB8 /* libWebViewJavascriptBridge.a */; };
		DA69A7F72285E92000542945 /* WKWebViewController.m in Sources */ = {isa = PBXBuildFile; fileRef = DA69A7F62285E92000542945 /* WKWebViewController.m */; };
		DA834DD6228F27E3005D49A1 /* jsRuntime.js in Resources */ = {isa = PBXBuildFile; fileRef = DA834DD5228F27E3005D49A1 /* jsRuntime.js */; };
		DA880B4B2285C91900B6C2DF /* AppDelegate.m in Sources */ = {isa = PBXBuildFile; fileRef = DA880B4A2285C91900B6C2DF /* AppDelegate.m */; };
		DA880B512285C91900B6C2DF /* Main.storyboard in Resources */ = {isa = PBXBuildFile; fileRef = DA880B4F2285C91900B6C2DF /* Main.storyboard */; };
		DA880B532285C91900B6C2DF /* Assets.xcassets in Resources */ = {isa = PBXBuildFile; fileRef = DA880B522285C91900B6C2DF /* Assets.xcassets */; };
		DA880B562285C91900B6C2DF /* LaunchScreen.storyboard in Resources */ = {isa = PBXBuildFile; fileRef = DA880B542285C91900B6C2DF /* LaunchScreen.storyboard */; };
		DA880B592285C91900B6C2DF /* main.m in Sources */ = {isa = PBXBuildFile; fileRef = DA880B582285C91900B6C2DF /* main.m */; };
		DA880B632285C91900B6C2DF /* vscodeTests.m in Sources */ = {isa = PBXBuildFile; fileRef = DA880B622285C91900B6C2DF /* vscodeTests.m */; };
		DA880B6E2285C91A00B6C2DF /* vscodeUITests.m in Sources */ = {isa = PBXBuildFile; fileRef = DA880B6D2285C91A00B6C2DF /* vscodeUITests.m */; };
		DA880B7F2285C9C900B6C2DF /* Application.m in Sources */ = {isa = PBXBuildFile; fileRef = DA880B7E2285C9C900B6C2DF /* Application.m */; };
/* End PBXBuildFile section */

/* Begin PBXContainerItemProxy section */
		DA880B5F2285C91900B6C2DF /* PBXContainerItemProxy */ = {
			isa = PBXContainerItemProxy;
			containerPortal = DA880B3E2285C91900B6C2DF /* Project object */;
			proxyType = 1;
			remoteGlobalIDString = DA880B452285C91900B6C2DF;
			remoteInfo = vscode;
		};
		DA880B6A2285C91A00B6C2DF /* PBXContainerItemProxy */ = {
			isa = PBXContainerItemProxy;
			containerPortal = DA880B3E2285C91900B6C2DF /* Project object */;
			proxyType = 1;
			remoteGlobalIDString = DA880B452285C91900B6C2DF;
			remoteInfo = vscode;
		};
/* End PBXContainerItemProxy section */

/* Begin PBXFileReference section */
		15742B07496BA6065CB01FB9 /* libPods-vscodeUITests.a */ = {isa = PBXFileReference; explicitFileType = archive.ar; includeInIndex = 0; path = "libPods-vscodeUITests.a"; sourceTree = BUILT_PRODUCTS_DIR; };
		192F0EFB50AB6482560766F4 /* Pods-vscode.debug.xcconfig */ = {isa = PBXFileReference; includeInIndex = 1; lastKnownFileType = text.xcconfig; name = "Pods-vscode.debug.xcconfig"; path = "Pods/Target Support Files/Pods-vscode/Pods-vscode.debug.xcconfig"; sourceTree = "<group>"; };
		1B35BDEE6EC870CF51B2B1B0 /* Pods-vscodeUITests.debug.xcconfig */ = {isa = PBXFileReference; includeInIndex = 1; lastKnownFileType = text.xcconfig; name = "Pods-vscodeUITests.debug.xcconfig"; path = "Pods/Target Support Files/Pods-vscodeUITests/Pods-vscodeUITests.debug.xcconfig"; sourceTree = "<group>"; };
		32A607277E938579B9B04BCA /* Pods-vscodeUITests.release.xcconfig */ = {isa = PBXFileReference; includeInIndex = 1; lastKnownFileType = text.xcconfig; name = "Pods-vscodeUITests.release.xcconfig"; path = "Pods/Target Support Files/Pods-vscodeUITests/Pods-vscodeUITests.release.xcconfig"; sourceTree = "<group>"; };
		3D62C78C36E6016BDCA231E2 /* Pods-vscodeTests.debug.xcconfig */ = {isa = PBXFileReference; includeInIndex = 1; lastKnownFileType = text.xcconfig; name = "Pods-vscodeTests.debug.xcconfig"; path = "Pods/Target Support Files/Pods-vscodeTests/Pods-vscodeTests.debug.xcconfig"; sourceTree = "<group>"; };
		4849C061B8858ECFFA46D2F8 /* Pods-vscode.release.xcconfig */ = {isa = PBXFileReference; includeInIndex = 1; lastKnownFileType = text.xcconfig; name = "Pods-vscode.release.xcconfig"; path = "Pods/Target Support Files/Pods-vscode/Pods-vscode.release.xcconfig"; sourceTree = "<group>"; };
		79DF39D96C5F9EA83BF4B545 /* Pods-vscodeTests.release.xcconfig */ = {isa = PBXFileReference; includeInIndex = 1; lastKnownFileType = text.xcconfig; name = "Pods-vscodeTests.release.xcconfig"; path = "Pods/Target Support Files/Pods-vscodeTests/Pods-vscodeTests.release.xcconfig"; sourceTree = "<group>"; };
		C934C2019F885851022FCF6D /* libPods-vscodeTests.a */ = {isa = PBXFileReference; explicitFileType = archive.ar; includeInIndex = 0; path = "libPods-vscodeTests.a"; sourceTree = BUILT_PRODUCTS_DIR; };
		DA2EA38B2291C30900D45CB8 /* libWebViewJavascriptBridge.a */ = {isa = PBXFileReference; explicitFileType = archive.ar; path = libWebViewJavascriptBridge.a; sourceTree = BUILT_PRODUCTS_DIR; };
		DA5C72132289B93A00AB349F /* keyCodes.js */ = {isa = PBXFileReference; fileEncoding = 4; lastKnownFileType = sourcecode.javascript; path = keyCodes.js; sourceTree = "<group>"; };
		DA69A7F52285E92000542945 /* WKWebViewController.h */ = {isa = PBXFileReference; lastKnownFileType = sourcecode.c.h; path = WKWebViewController.h; sourceTree = "<group>"; };
		DA69A7F62285E92000542945 /* WKWebViewController.m */ = {isa = PBXFileReference; lastKnownFileType = sourcecode.c.objc; path = WKWebViewController.m; sourceTree = "<group>"; };
		DA69A7F82285EA6500542945 /* dispatchEvent.js */ = {isa = PBXFileReference; lastKnownFileType = sourcecode.javascript; path = dispatchEvent.js; sourceTree = "<group>"; };
		DA834DD5228F27E3005D49A1 /* jsRuntime.js */ = {isa = PBXFileReference; fileEncoding = 4; lastKnownFileType = sourcecode.javascript; name = jsRuntime.js; path = JSRuntime/dist/jsRuntime.js; sourceTree = "<group>"; };
		DA880B462285C91900B6C2DF /* vscode.app */ = {isa = PBXFileReference; explicitFileType = wrapper.application; includeInIndex = 0; path = vscode.app; sourceTree = BUILT_PRODUCTS_DIR; };
		DA880B492285C91900B6C2DF /* AppDelegate.h */ = {isa = PBXFileReference; lastKnownFileType = sourcecode.c.h; path = AppDelegate.h; sourceTree = "<group>"; };
		DA880B4A2285C91900B6C2DF /* AppDelegate.m */ = {isa = PBXFileReference; lastKnownFileType = sourcecode.c.objc; path = AppDelegate.m; sourceTree = "<group>"; };
		DA880B502285C91900B6C2DF /* Base */ = {isa = PBXFileReference; lastKnownFileType = file.storyboard; name = Base; path = Base.lproj/Main.storyboard; sourceTree = "<group>"; };
		DA880B522285C91900B6C2DF /* Assets.xcassets */ = {isa = PBXFileReference; lastKnownFileType = folder.assetcatalog; path = Assets.xcassets; sourceTree = "<group>"; };
		DA880B552285C91900B6C2DF /* Base */ = {isa = PBXFileReference; lastKnownFileType = file.storyboard; name = Base; path = Base.lproj/LaunchScreen.storyboard; sourceTree = "<group>"; };
		DA880B572285C91900B6C2DF /* Info.plist */ = {isa = PBXFileReference; lastKnownFileType = text.plist.xml; path = Info.plist; sourceTree = "<group>"; };
		DA880B582285C91900B6C2DF /* main.m */ = {isa = PBXFileReference; lastKnownFileType = sourcecode.c.objc; path = main.m; sourceTree = "<group>"; };
		DA880B5E2285C91900B6C2DF /* vscodeTests.xctest */ = {isa = PBXFileReference; explicitFileType = wrapper.cfbundle; includeInIndex = 0; path = vscodeTests.xctest; sourceTree = BUILT_PRODUCTS_DIR; };
		DA880B622285C91900B6C2DF /* vscodeTests.m */ = {isa = PBXFileReference; lastKnownFileType = sourcecode.c.objc; path = vscodeTests.m; sourceTree = "<group>"; };
		DA880B642285C91900B6C2DF /* Info.plist */ = {isa = PBXFileReference; lastKnownFileType = text.plist.xml; path = Info.plist; sourceTree = "<group>"; };
		DA880B692285C91A00B6C2DF /* vscodeUITests.xctest */ = {isa = PBXFileReference; explicitFileType = wrapper.cfbundle; includeInIndex = 0; path = vscodeUITests.xctest; sourceTree = BUILT_PRODUCTS_DIR; };
		DA880B6D2285C91A00B6C2DF /* vscodeUITests.m */ = {isa = PBXFileReference; lastKnownFileType = sourcecode.c.objc; path = vscodeUITests.m; sourceTree = "<group>"; };
		DA880B6F2285C91A00B6C2DF /* Info.plist */ = {isa = PBXFileReference; lastKnownFileType = text.plist.xml; path = Info.plist; sourceTree = "<group>"; };
		DA880B7D2285C9C900B6C2DF /* Application.h */ = {isa = PBXFileReference; lastKnownFileType = sourcecode.c.h; path = Application.h; sourceTree = "<group>"; };
		DA880B7E2285C9C900B6C2DF /* Application.m */ = {isa = PBXFileReference; lastKnownFileType = sourcecode.c.objc; path = Application.m; sourceTree = "<group>"; };
		E1E679570F5EBC1E7815F786 /* libPods-vscode.a */ = {isa = PBXFileReference; explicitFileType = archive.ar; includeInIndex = 0; path = "libPods-vscode.a"; sourceTree = BUILT_PRODUCTS_DIR; };
/* End PBXFileReference section */

/* Begin PBXFrameworksBuildPhase section */
		DA880B432285C91900B6C2DF /* Frameworks */ = {
			isa = PBXFrameworksBuildPhase;
			buildActionMask = 2147483647;
			files = (
				DA2EA38C2291C30900D45CB8 /* libWebViewJavascriptBridge.a in Frameworks */,
				7E591F13543E5BDA693AD4F1 /* libPods-vscode.a in Frameworks */,
			);
			runOnlyForDeploymentPostprocessing = 0;
		};
		DA880B5B2285C91900B6C2DF /* Frameworks */ = {
			isa = PBXFrameworksBuildPhase;
			buildActionMask = 2147483647;
			files = (
				966205E440ABA06B85A8695D /* libPods-vscodeTests.a in Frameworks */,
			);
			runOnlyForDeploymentPostprocessing = 0;
		};
		DA880B662285C91A00B6C2DF /* Frameworks */ = {
			isa = PBXFrameworksBuildPhase;
			buildActionMask = 2147483647;
			files = (
				3B2B0C42EAF83390C990AAA4 /* libPods-vscodeUITests.a in Frameworks */,
			);
			runOnlyForDeploymentPostprocessing = 0;
		};
/* End PBXFrameworksBuildPhase section */

/* Begin PBXGroup section */
		2711F688EFF09F29658117E8 /* Pods */ = {
			isa = PBXGroup;
			children = (
				192F0EFB50AB6482560766F4 /* Pods-vscode.debug.xcconfig */,
				4849C061B8858ECFFA46D2F8 /* Pods-vscode.release.xcconfig */,
				3D62C78C36E6016BDCA231E2 /* Pods-vscodeTests.debug.xcconfig */,
				79DF39D96C5F9EA83BF4B545 /* Pods-vscodeTests.release.xcconfig */,
				1B35BDEE6EC870CF51B2B1B0 /* Pods-vscodeUITests.debug.xcconfig */,
				32A607277E938579B9B04BCA /* Pods-vscodeUITests.release.xcconfig */,
			);
			name = Pods;
			sourceTree = "<group>";
		};
		DA880B3D2285C91900B6C2DF = {
			isa = PBXGroup;
			children = (
				DA880B482285C91900B6C2DF /* vscode */,
				DA880B612285C91900B6C2DF /* vscodeTests */,
				DA880B6C2285C91A00B6C2DF /* vscodeUITests */,
				DA880B472285C91900B6C2DF /* Products */,
				2711F688EFF09F29658117E8 /* Pods */,
				FCF3E8BDB1E6BFCEFCBC0F77 /* Frameworks */,
			);
			sourceTree = "<group>";
		};
		DA880B472285C91900B6C2DF /* Products */ = {
			isa = PBXGroup;
			children = (
				DA880B462285C91900B6C2DF /* vscode.app */,
				DA880B5E2285C91900B6C2DF /* vscodeTests.xctest */,
				DA880B692285C91A00B6C2DF /* vscodeUITests.xctest */,
			);
			name = Products;
			sourceTree = "<group>";
		};
		DA880B482285C91900B6C2DF /* vscode */ = {
			isa = PBXGroup;
			children = (
				DA880B7C2285C98C00B6C2DF /* Classes */,
				DA880B7B2285C97E00B6C2DF /* Resources */,
				DA880B492285C91900B6C2DF /* AppDelegate.h */,
				DA880B4A2285C91900B6C2DF /* AppDelegate.m */,
				DA880B4F2285C91900B6C2DF /* Main.storyboard */,
				DA880B522285C91900B6C2DF /* Assets.xcassets */,
				DA880B542285C91900B6C2DF /* LaunchScreen.storyboard */,
				DA880B572285C91900B6C2DF /* Info.plist */,
				DA880B582285C91900B6C2DF /* main.m */,
			);
			path = vscode;
			sourceTree = "<group>";
		};
		DA880B612285C91900B6C2DF /* vscodeTests */ = {
			isa = PBXGroup;
			children = (
				DA880B622285C91900B6C2DF /* vscodeTests.m */,
				DA880B642285C91900B6C2DF /* Info.plist */,
			);
			path = vscodeTests;
			sourceTree = "<group>";
		};
		DA880B6C2285C91A00B6C2DF /* vscodeUITests */ = {
			isa = PBXGroup;
			children = (
				DA880B6D2285C91A00B6C2DF /* vscodeUITests.m */,
				DA880B6F2285C91A00B6C2DF /* Info.plist */,
			);
			path = vscodeUITests;
			sourceTree = "<group>";
		};
		DA880B7B2285C97E00B6C2DF /* Resources */ = {
			isa = PBXGroup;
			children = (
				DA834DD5228F27E3005D49A1 /* jsRuntime.js */,
				DA69A7F82285EA6500542945 /* dispatchEvent.js */,
				DA5C72132289B93A00AB349F /* keyCodes.js */,
			);
			path = Resources;
			sourceTree = "<group>";
		};
		DA880B7C2285C98C00B6C2DF /* Classes */ = {
			isa = PBXGroup;
			children = (
				DA880B7D2285C9C900B6C2DF /* Application.h */,
				DA880B7E2285C9C900B6C2DF /* Application.m */,
				DA69A7F52285E92000542945 /* WKWebViewController.h */,
				DA69A7F62285E92000542945 /* WKWebViewController.m */,
			);
			path = Classes;
			sourceTree = "<group>";
		};
		FCF3E8BDB1E6BFCEFCBC0F77 /* Frameworks */ = {
			isa = PBXGroup;
			children = (
				DA2EA38B2291C30900D45CB8 /* libWebViewJavascriptBridge.a */,
				E1E679570F5EBC1E7815F786 /* libPods-vscode.a */,
				C934C2019F885851022FCF6D /* libPods-vscodeTests.a */,
				15742B07496BA6065CB01FB9 /* libPods-vscodeUITests.a */,
			);
			name = Frameworks;
			sourceTree = "<group>";
		};
/* End PBXGroup section */

/* Begin PBXNativeTarget section */
		DA880B452285C91900B6C2DF /* vscode */ = {
			isa = PBXNativeTarget;
			buildConfigurationList = DA880B722285C91A00B6C2DF /* Build configuration list for PBXNativeTarget "vscode" */;
			buildPhases = (
				8EDD84AC48197BF43140B09A /* [CP] Check Pods Manifest.lock */,
				DA880B422285C91900B6C2DF /* Sources */,
				DA880B432285C91900B6C2DF /* Frameworks */,
				DA880B442285C91900B6C2DF /* Resources */,
			);
			buildRules = (
			);
			dependencies = (
			);
			name = vscode;
			productName = vscode;
			productReference = DA880B462285C91900B6C2DF /* vscode.app */;
			productType = "com.apple.product-type.application";
		};
		DA880B5D2285C91900B6C2DF /* vscodeTests */ = {
			isa = PBXNativeTarget;
			buildConfigurationList = DA880B752285C91A00B6C2DF /* Build configuration list for PBXNativeTarget "vscodeTests" */;
			buildPhases = (
				053FC6D4B5CAF335431722BE /* [CP] Check Pods Manifest.lock */,
				DA880B5A2285C91900B6C2DF /* Sources */,
				DA880B5B2285C91900B6C2DF /* Frameworks */,
				DA880B5C2285C91900B6C2DF /* Resources */,
			);
			buildRules = (
			);
			dependencies = (
				DA880B602285C91900B6C2DF /* PBXTargetDependency */,
			);
			name = vscodeTests;
			productName = vscodeTests;
			productReference = DA880B5E2285C91900B6C2DF /* vscodeTests.xctest */;
			productType = "com.apple.product-type.bundle.unit-test";
		};
		DA880B682285C91A00B6C2DF /* vscodeUITests */ = {
			isa = PBXNativeTarget;
			buildConfigurationList = DA880B782285C91A00B6C2DF /* Build configuration list for PBXNativeTarget "vscodeUITests" */;
			buildPhases = (
				8F644FA66957982468705126 /* [CP] Check Pods Manifest.lock */,
				DA880B652285C91A00B6C2DF /* Sources */,
				DA880B662285C91A00B6C2DF /* Frameworks */,
				DA880B672285C91A00B6C2DF /* Resources */,
			);
			buildRules = (
			);
			dependencies = (
				DA880B6B2285C91A00B6C2DF /* PBXTargetDependency */,
			);
			name = vscodeUITests;
			productName = vscodeUITests;
			productReference = DA880B692285C91A00B6C2DF /* vscodeUITests.xctest */;
			productType = "com.apple.product-type.bundle.ui-testing";
		};
/* End PBXNativeTarget section */

/* Begin PBXProject section */
		DA880B3E2285C91900B6C2DF /* Project object */ = {
			isa = PBXProject;
			attributes = {
				LastUpgradeCheck = 1010;
				ORGANIZATIONNAME = aniwei;
				TargetAttributes = {
					DA880B452285C91900B6C2DF = {
						CreatedOnToolsVersion = 10.1;
					};
					DA880B5D2285C91900B6C2DF = {
						CreatedOnToolsVersion = 10.1;
						TestTargetID = DA880B452285C91900B6C2DF;
					};
					DA880B682285C91A00B6C2DF = {
						CreatedOnToolsVersion = 10.1;
						TestTargetID = DA880B452285C91900B6C2DF;
					};
				};
			};
			buildConfigurationList = DA880B412285C91900B6C2DF /* Build configuration list for PBXProject "vscode" */;
			compatibilityVersion = "Xcode 9.3";
			developmentRegion = en;
			hasScannedForEncodings = 0;
			knownRegions = (
				en,
				Base,
			);
			mainGroup = DA880B3D2285C91900B6C2DF;
			productRefGroup = DA880B472285C91900B6C2DF /* Products */;
			projectDirPath = "";
			projectRoot = "";
			targets = (
				DA880B452285C91900B6C2DF /* vscode */,
				DA880B5D2285C91900B6C2DF /* vscodeTests */,
				DA880B682285C91A00B6C2DF /* vscodeUITests */,
			);
		};
/* End PBXProject section */

/* Begin PBXResourcesBuildPhase section */
		DA880B442285C91900B6C2DF /* Resources */ = {
			isa = PBXResourcesBuildPhase;
			buildActionMask = 2147483647;
			files = (
				DA834DD6228F27E3005D49A1 /* jsRuntime.js in Resources */,
				DA880B562285C91900B6C2DF /* LaunchScreen.storyboard in Resources */,
				DA880B532285C91900B6C2DF /* Assets.xcassets in Resources */,
				DA880B512285C91900B6C2DF /* Main.storyboard in Resources */,
			);
			runOnlyForDeploymentPostprocessing = 0;
		};
		DA880B5C2285C91900B6C2DF /* Resources */ = {
			isa = PBXResourcesBuildPhase;
			buildActionMask = 2147483647;
			files = (
			);
			runOnlyForDeploymentPostprocessing = 0;
		};
		DA880B672285C91A00B6C2DF /* Resources */ = {
			isa = PBXResourcesBuildPhase;
			buildActionMask = 2147483647;
			files = (
			);
			runOnlyForDeploymentPostprocessing = 0;
		};
/* End PBXResourcesBuildPhase section */

/* Begin PBXShellScriptBuildPhase section */
		053FC6D4B5CAF335431722BE /* [CP] Check Pods Manifest.lock */ = {
			isa = PBXShellScriptBuildPhase;
			buildActionMask = 2147483647;
			files = (
			);
			inputPaths = (
				"${PODS_PODFILE_DIR_PATH}/Podfile.lock",
				"${PODS_ROOT}/Manifest.lock",
			);
			name = "[CP] Check Pods Manifest.lock";
			outputPaths = (
				"$(DERIVED_FILE_DIR)/Pods-vscodeTests-checkManifestLockResult.txt",
			);
			runOnlyForDeploymentPostprocessing = 0;
			shellPath = /bin/sh;
			shellScript = "diff \"${PODS_PODFILE_DIR_PATH}/Podfile.lock\" \"${PODS_ROOT}/Manifest.lock\" > /dev/null\nif [ $? != 0 ] ; then\n    # print error to STDERR\n    echo \"error: The sandbox is not in sync with the Podfile.lock. Run 'pod install' or update your CocoaPods installation.\" >&2\n    exit 1\nfi\n# This output is used by Xcode 'outputs' to avoid re-running this script phase.\necho \"SUCCESS\" > \"${SCRIPT_OUTPUT_FILE_0}\"\n";
			showEnvVarsInLog = 0;
		};
		8EDD84AC48197BF43140B09A /* [CP] Check Pods Manifest.lock */ = {
			isa = PBXShellScriptBuildPhase;
			buildActionMask = 2147483647;
			files = (
			);
			inputPaths = (
				"${PODS_PODFILE_DIR_PATH}/Podfile.lock",
				"${PODS_ROOT}/Manifest.lock",
			);
			name = "[CP] Check Pods Manifest.lock";
			outputPaths = (
				"$(DERIVED_FILE_DIR)/Pods-vscode-checkManifestLockResult.txt",
			);
			runOnlyForDeploymentPostprocessing = 0;
			shellPath = /bin/sh;
			shellScript = "diff \"${PODS_PODFILE_DIR_PATH}/Podfile.lock\" \"${PODS_ROOT}/Manifest.lock\" > /dev/null\nif [ $? != 0 ] ; then\n    # print error to STDERR\n    echo \"error: The sandbox is not in sync with the Podfile.lock. Run 'pod install' or update your CocoaPods installation.\" >&2\n    exit 1\nfi\n# This output is used by Xcode 'outputs' to avoid re-running this script phase.\necho \"SUCCESS\" > \"${SCRIPT_OUTPUT_FILE_0}\"\n";
			showEnvVarsInLog = 0;
		};
		8F644FA66957982468705126 /* [CP] Check Pods Manifest.lock */ = {
			isa = PBXShellScriptBuildPhase;
			buildActionMask = 2147483647;
			files = (
			);
			inputPaths = (
				"${PODS_PODFILE_DIR_PATH}/Podfile.lock",
				"${PODS_ROOT}/Manifest.lock",
			);
			name = "[CP] Check Pods Manifest.lock";
			outputPaths = (
				"$(DERIVED_FILE_DIR)/Pods-vscodeUITests-checkManifestLockResult.txt",
			);
			runOnlyForDeploymentPostprocessing = 0;
			shellPath = /bin/sh;
			shellScript = "diff \"${PODS_PODFILE_DIR_PATH}/Podfile.lock\" \"${PODS_ROOT}/Manifest.lock\" > /dev/null\nif [ $? != 0 ] ; then\n    # print error to STDERR\n    echo \"error: The sandbox is not in sync with the Podfile.lock. Run 'pod install' or update your CocoaPods installation.\" >&2\n    exit 1\nfi\n# This output is used by Xcode 'outputs' to avoid re-running this script phase.\necho \"SUCCESS\" > \"${SCRIPT_OUTPUT_FILE_0}\"\n";
			showEnvVarsInLog = 0;
		};
/* End PBXShellScriptBuildPhase section */

/* Begin PBXSourcesBuildPhase section */
		DA880B422285C91900B6C2DF /* Sources */ = {
			isa = PBXSourcesBuildPhase;
			buildActionMask = 2147483647;
			files = (
				DA69A7F72285E92000542945 /* WKWebViewController.m in Sources */,
				DA880B7F2285C9C900B6C2DF /* Application.m in Sources */,
				DA880B592285C91900B6C2DF /* main.m in Sources */,
				DA880B4B2285C91900B6C2DF /* AppDelegate.m in Sources */,
			);
			runOnlyForDeploymentPostprocessing = 0;
		};
		DA880B5A2285C91900B6C2DF /* Sources */ = {
			isa = PBXSourcesBuildPhase;
			buildActionMask = 2147483647;
			files = (
				DA880B632285C91900B6C2DF /* vscodeTests.m in Sources */,
			);
			runOnlyForDeploymentPostprocessing = 0;
		};
		DA880B652285C91A00B6C2DF /* Sources */ = {
			isa = PBXSourcesBuildPhase;
			buildActionMask = 2147483647;
			files = (
				DA880B6E2285C91A00B6C2DF /* vscodeUITests.m in Sources */,
			);
			runOnlyForDeploymentPostprocessing = 0;
		};
/* End PBXSourcesBuildPhase section */

/* Begin PBXTargetDependency section */
		DA880B602285C91900B6C2DF /* PBXTargetDependency */ = {
			isa = PBXTargetDependency;
			target = DA880B452285C91900B6C2DF /* vscode */;
			targetProxy = DA880B5F2285C91900B6C2DF /* PBXContainerItemProxy */;
		};
		DA880B6B2285C91A00B6C2DF /* PBXTargetDependency */ = {
			isa = PBXTargetDependency;
			target = DA880B452285C91900B6C2DF /* vscode */;
			targetProxy = DA880B6A2285C91A00B6C2DF /* PBXContainerItemProxy */;
		};
/* End PBXTargetDependency section */

/* Begin PBXVariantGroup section */
		DA880B4F2285C91900B6C2DF /* Main.storyboard */ = {
			isa = PBXVariantGroup;
			children = (
				DA880B502285C91900B6C2DF /* Base */,
			);
			name = Main.storyboard;
			sourceTree = "<group>";
		};
		DA880B542285C91900B6C2DF /* LaunchScreen.storyboard */ = {
			isa = PBXVariantGroup;
			children = (
				DA880B552285C91900B6C2DF /* Base */,
			);
			name = LaunchScreen.storyboard;
			sourceTree = "<group>";
		};
/* End PBXVariantGroup section */

/* Begin XCBuildConfiguration section */
		DA880B702285C91A00B6C2DF /* Debug */ = {
			isa = XCBuildConfiguration;
			buildSettings = {
				ALWAYS_SEARCH_USER_PATHS = NO;
				CLANG_ANALYZER_NONNULL = YES;
				CLANG_ANALYZER_NUMBER_OBJECT_CONVERSION = YES_AGGRESSIVE;
				CLANG_CXX_LANGUAGE_STANDARD = "gnu++14";
				CLANG_CXX_LIBRARY = "libc++";
				CLANG_ENABLE_MODULES = YES;
				CLANG_ENABLE_OBJC_ARC = YES;
				CLANG_ENABLE_OBJC_WEAK = YES;
				CLANG_WARN_BLOCK_CAPTURE_AUTORELEASING = YES;
				CLANG_WARN_BOOL_CONVERSION = YES;
				CLANG_WARN_COMMA = YES;
				CLANG_WARN_CONSTANT_CONVERSION = YES;
				CLANG_WARN_DEPRECATED_OBJC_IMPLEMENTATIONS = YES;
				CLANG_WARN_DIRECT_OBJC_ISA_USAGE = YES_ERROR;
				CLANG_WARN_DOCUMENTATION_COMMENTS = YES;
				CLANG_WARN_EMPTY_BODY = YES;
				CLANG_WARN_ENUM_CONVERSION = YES;
				CLANG_WARN_INFINITE_RECURSION = YES;
				CLANG_WARN_INT_CONVERSION = YES;
				CLANG_WARN_NON_LITERAL_NULL_CONVERSION = YES;
				CLANG_WARN_OBJC_IMPLICIT_RETAIN_SELF = YES;
				CLANG_WARN_OBJC_LITERAL_CONVERSION = YES;
				CLANG_WARN_OBJC_ROOT_CLASS = YES_ERROR;
				CLANG_WARN_RANGE_LOOP_ANALYSIS = YES;
				CLANG_WARN_STRICT_PROTOTYPES = YES;
				CLANG_WARN_SUSPICIOUS_MOVE = YES;
				CLANG_WARN_UNGUARDED_AVAILABILITY = YES_AGGRESSIVE;
				CLANG_WARN_UNREACHABLE_CODE = YES;
				CLANG_WARN__DUPLICATE_METHOD_MATCH = YES;
				CODE_SIGN_IDENTITY = "iPhone Developer";
				COPY_PHASE_STRIP = NO;
				DEBUG_INFORMATION_FORMAT = dwarf;
				ENABLE_STRICT_OBJC_MSGSEND = YES;
				ENABLE_TESTABILITY = YES;
				GCC_C_LANGUAGE_STANDARD = gnu11;
				GCC_DYNAMIC_NO_PIC = NO;
				GCC_NO_COMMON_BLOCKS = YES;
				GCC_OPTIMIZATION_LEVEL = 0;
				GCC_PREPROCESSOR_DEFINITIONS = (
					"DEBUG=1",
					"$(inherited)",
				);
				GCC_WARN_64_TO_32_BIT_CONVERSION = YES;
				GCC_WARN_ABOUT_RETURN_TYPE = YES_ERROR;
				GCC_WARN_UNDECLARED_SELECTOR = YES;
				GCC_WARN_UNINITIALIZED_AUTOS = YES_AGGRESSIVE;
				GCC_WARN_UNUSED_FUNCTION = YES;
				GCC_WARN_UNUSED_VARIABLE = YES;
				IPHONEOS_DEPLOYMENT_TARGET = 12.2;
				MTL_ENABLE_DEBUG_INFO = INCLUDE_SOURCE;
				MTL_FAST_MATH = YES;
				ONLY_ACTIVE_ARCH = YES;
				SDKROOT = iphoneos;
			};
			name = Debug;
		};
		DA880B712285C91A00B6C2DF /* Release */ = {
			isa = XCBuildConfiguration;
			buildSettings = {
				ALWAYS_SEARCH_USER_PATHS = NO;
				CLANG_ANALYZER_NONNULL = YES;
				CLANG_ANALYZER_NUMBER_OBJECT_CONVERSION = YES_AGGRESSIVE;
				CLANG_CXX_LANGUAGE_STANDARD = "gnu++14";
				CLANG_CXX_LIBRARY = "libc++";
				CLANG_ENABLE_MODULES = YES;
				CLANG_ENABLE_OBJC_ARC = YES;
				CLANG_ENABLE_OBJC_WEAK = YES;
				CLANG_WARN_BLOCK_CAPTURE_AUTORELEASING = YES;
				CLANG_WARN_BOOL_CONVERSION = YES;
				CLANG_WARN_COMMA = YES;
				CLANG_WARN_CONSTANT_CONVERSION = YES;
				CLANG_WARN_DEPRECATED_OBJC_IMPLEMENTATIONS = YES;
				CLANG_WARN_DIRECT_OBJC_ISA_USAGE = YES_ERROR;
				CLANG_WARN_DOCUMENTATION_COMMENTS = YES;
				CLANG_WARN_EMPTY_BODY = YES;
				CLANG_WARN_ENUM_CONVERSION = YES;
				CLANG_WARN_INFINITE_RECURSION = YES;
				CLANG_WARN_INT_CONVERSION = YES;
				CLANG_WARN_NON_LITERAL_NULL_CONVERSION = YES;
				CLANG_WARN_OBJC_IMPLICIT_RETAIN_SELF = YES;
				CLANG_WARN_OBJC_LITERAL_CONVERSION = YES;
				CLANG_WARN_OBJC_ROOT_CLASS = YES_ERROR;
				CLANG_WARN_RANGE_LOOP_ANALYSIS = YES;
				CLANG_WARN_STRICT_PROTOTYPES = YES;
				CLANG_WARN_SUSPICIOUS_MOVE = YES;
				CLANG_WARN_UNGUARDED_AVAILABILITY = YES_AGGRESSIVE;
				CLANG_WARN_UNREACHABLE_CODE = YES;
				CLANG_WARN__DUPLICATE_METHOD_MATCH = YES;
				CODE_SIGN_IDENTITY = "iPhone Developer";
				COPY_PHASE_STRIP = NO;
				DEBUG_INFORMATION_FORMAT = "dwarf-with-dsym";
				ENABLE_NS_ASSERTIONS = NO;
				ENABLE_STRICT_OBJC_MSGSEND = YES;
				GCC_C_LANGUAGE_STANDARD = gnu11;
				GCC_NO_COMMON_BLOCKS = YES;
				GCC_WARN_64_TO_32_BIT_CONVERSION = YES;
				GCC_WARN_ABOUT_RETURN_TYPE = YES_ERROR;
				GCC_WARN_UNDECLARED_SELECTOR = YES;
				GCC_WARN_UNINITIALIZED_AUTOS = YES_AGGRESSIVE;
				GCC_WARN_UNUSED_FUNCTION = YES;
				GCC_WARN_UNUSED_VARIABLE = YES;
				IPHONEOS_DEPLOYMENT_TARGET = 12.2;
				MTL_ENABLE_DEBUG_INFO = NO;
				MTL_FAST_MATH = YES;
				SDKROOT = iphoneos;
				VALIDATE_PRODUCT = YES;
			};
			name = Release;
		};
		DA880B732285C91A00B6C2DF /* Debug */ = {
			isa = XCBuildConfiguration;
			baseConfigurationReference = 192F0EFB50AB6482560766F4 /* Pods-vscode.debug.xcconfig */;
			buildSettings = {
				ASSETCATALOG_COMPILER_APPICON_NAME = AppIcon;
				CODE_SIGN_STYLE = Automatic;
				DEVELOPMENT_TEAM = 6EL2GHG65R;
				INFOPLIST_FILE = vscode/Info.plist;
				IPHONEOS_DEPLOYMENT_TARGET = 12.2;
				LD_RUNPATH_SEARCH_PATHS = (
					"$(inherited)",
					"@executable_path/Frameworks",
				);
				PRODUCT_BUNDLE_IDENTIFIER = io.expri.vscode;
				PRODUCT_NAME = "$(TARGET_NAME)";
				TARGETED_DEVICE_FAMILY = "1,2";
				VALID_ARCHS = "arm64 arm64e armv7 armv7s i386";
			};
			name = Debug;
		};
		DA880B742285C91A00B6C2DF /* Release */ = {
			isa = XCBuildConfiguration;
			baseConfigurationReference = 4849C061B8858ECFFA46D2F8 /* Pods-vscode.release.xcconfig */;
			buildSettings = {
				ASSETCATALOG_COMPILER_APPICON_NAME = AppIcon;
				CODE_SIGN_STYLE = Automatic;
				DEVELOPMENT_TEAM = 6EL2GHG65R;
				INFOPLIST_FILE = vscode/Info.plist;
				IPHONEOS_DEPLOYMENT_TARGET = 12.2;
				LD_RUNPATH_SEARCH_PATHS = (
					"$(inherited)",
					"@executable_path/Frameworks",
				);
				PRODUCT_BUNDLE_IDENTIFIER = io.expri.vscode;
				PRODUCT_NAME = "$(TARGET_NAME)";
				TARGETED_DEVICE_FAMILY = "1,2";
				VALID_ARCHS = "arm64 arm64e armv7 armv7s i386";
			};
			name = Release;
		};
		DA880B762285C91A00B6C2DF /* Debug */ = {
			isa = XCBuildConfiguration;
			baseConfigurationReference = 3D62C78C36E6016BDCA231E2 /* Pods-vscodeTests.debug.xcconfig */;
			buildSettings = {
				BUNDLE_LOADER = "$(TEST_HOST)";
				CODE_SIGN_STYLE = Automatic;
				DEVELOPMENT_TEAM = 6EL2GHG65R;
				INFOPLIST_FILE = vscodeTests/Info.plist;
				LD_RUNPATH_SEARCH_PATHS = (
					"$(inherited)",
					"@executable_path/Frameworks",
					"@loader_path/Frameworks",
				);
				PRODUCT_BUNDLE_IDENTIFIER = com.aniwei.vscodeTests;
				PRODUCT_NAME = "$(TARGET_NAME)";
				TARGETED_DEVICE_FAMILY = "1,2";
				TEST_HOST = "$(BUILT_PRODUCTS_DIR)/vscode.app/vscode";
			};
			name = Debug;
		};
		DA880B772285C91A00B6C2DF /* Release */ = {
			isa = XCBuildConfiguration;
			baseConfigurationReference = 79DF39D96C5F9EA83BF4B545 /* Pods-vscodeTests.release.xcconfig */;
			buildSettings = {
				BUNDLE_LOADER = "$(TEST_HOST)";
				CODE_SIGN_STYLE = Automatic;
				DEVELOPMENT_TEAM = 6EL2GHG65R;
				INFOPLIST_FILE = vscodeTests/Info.plist;
				LD_RUNPATH_SEARCH_PATHS = (
					"$(inherited)",
					"@executable_path/Frameworks",
					"@loader_path/Frameworks",
				);
				PRODUCT_BUNDLE_IDENTIFIER = com.aniwei.vscodeTests;
				PRODUCT_NAME = "$(TARGET_NAME)";
				TARGETED_DEVICE_FAMILY = "1,2";
				TEST_HOST = "$(BUILT_PRODUCTS_DIR)/vscode.app/vscode";
			};
			name = Release;
		};
		DA880B792285C91A00B6C2DF /* Debug */ = {
			isa = XCBuildConfiguration;
			baseConfigurationReference = 1B35BDEE6EC870CF51B2B1B0 /* Pods-vscodeUITests.debug.xcconfig */;
			buildSettings = {
				CODE_SIGN_STYLE = Automatic;
				DEVELOPMENT_TEAM = 6EL2GHG65R;
				INFOPLIST_FILE = vscodeUITests/Info.plist;
				LD_RUNPATH_SEARCH_PATHS = (
					"$(inherited)",
					"@executable_path/Frameworks",
					"@loader_path/Frameworks",
				);
				PRODUCT_BUNDLE_IDENTIFIER = com.aniwei.vscodeUITests;
				PRODUCT_NAME = "$(TARGET_NAME)";
				TARGETED_DEVICE_FAMILY = "1,2";
				TEST_TARGET_NAME = vscode;
			};
			name = Debug;
		};
		DA880B7A2285C91A00B6C2DF /* Release */ = {
			isa = XCBuildConfiguration;
			baseConfigurationReference = 32A607277E938579B9B04BCA /* Pods-vscodeUITests.release.xcconfig */;
			buildSettings = {
				CODE_SIGN_STYLE = Automatic;
				DEVELOPMENT_TEAM = 6EL2GHG65R;
				INFOPLIST_FILE = vscodeUITests/Info.plist;
				LD_RUNPATH_SEARCH_PATHS = (
					"$(inherited)",
					"@executable_path/Frameworks",
					"@loader_path/Frameworks",
				);
				PRODUCT_BUNDLE_IDENTIFIER = com.aniwei.vscodeUITests;
				PRODUCT_NAME = "$(TARGET_NAME)";
				TARGETED_DEVICE_FAMILY = "1,2";
				TEST_TARGET_NAME = vscode;
			};
			name = Release;
		};
/* End XCBuildConfiguration section */

/* Begin XCConfigurationList section */
		DA880B412285C91900B6C2DF /* Build configuration list for PBXProject "vscode" */ = {
			isa = XCConfigurationList;
			buildConfigurations = (
				DA880B702285C91A00B6C2DF /* Debug */,
				DA880B712285C91A00B6C2DF /* Release */,
			);
			defaultConfigurationIsVisible = 0;
			defaultConfigurationName = Release;
		};
		DA880B722285C91A00B6C2DF /* Build configuration list for PBXNativeTarget "vscode" */ = {
			isa = XCConfigurationList;
			buildConfigurations = (
				DA880B732285C91A00B6C2DF /* Debug */,
				DA880B742285C91A00B6C2DF /* Release */,
			);
			defaultConfigurationIsVisible = 0;
			defaultConfigurationName = Release;
		};
		DA880B752285C91A00B6C2DF /* Build configuration list for PBXNativeTarget "vscodeTests" */ = {
			isa = XCConfigurationList;
			buildConfigurations = (
				DA880B762285C91A00B6C2DF /* Debug */,
				DA880B772285C91A00B6C2DF /* Release */,
			);
			defaultConfigurationIsVisible = 0;
			defaultConfigurationName = Release;
		};
		DA880B782285C91A00B6C2DF /* Build configuration list for PBXNativeTarget "vscodeUITests" */ = {
			isa = XCConfigurationList;
			buildConfigurations = (
				DA880B792285C91A00B6C2DF /* Debug */,
				DA880B7A2285C91A00B6C2DF /* Release */,
			);
			defaultConfigurationIsVisible = 0;
			defaultConfigurationName = Release;
		};
/* End XCConfigurationList section */
	};
	rootObject = DA880B3E2285C91900B6C2DF /* Project object */;
}
